
Microsoft Visual Studio Solution File, Format Version 12.00
# Visual Studio Version 17
VisualStudioVersion = 17.13.35931.197 d17.13
MinimumVisualStudioVersion = 10.0.40219.1
Project("{FAE04EC0-301F-11D3-BF4B-00C04F79EFBC}") = "EntraSecuredApi", "EntraSecuredApi.csproj", "{0F4536D9-0EB2-17E5-96CC-F9ACFBC00585}"
EndProject
Global
	GlobalSection(SolutionConfigurationPlatforms) = preSolution
		Debug|Any CPU = Debug|Any CPU
		Release|Any CPU = Release|Any CPU
	EndGlobalSection
	GlobalSection(ProjectConfigurationPlatforms) = postSolution
		{0F4536D9-0EB2-17E5-96CC-F9ACFBC00585}.Debug|Any CPU.ActiveCfg = Debug|Any CPU
		{0F4536D9-0EB2-17E5-96CC-F9ACFBC00585}.Debug|Any CPU.Build.0 = Debug|Any CPU
		{0F4536D9-0EB2-17E5-96CC-F9ACFBC00585}.Release|Any CPU.ActiveCfg = Release|Any CPU
		{0F4536D9-0EB2-17E5-96CC-F9ACFBC00585}.Release|Any CPU.Build.0 = Release|Any CPU
	EndGlobalSection
	GlobalSection(SolutionProperties) = preSolution
		HideSolutionNode = FALSE
	EndGlobalSection
	GlobalSection(ExtensibilityGlobals) = postSolution
		SolutionGuid = {033EA5A1-1AE4-43F4-916D-0EC2F7472C73}
	EndGlobalSection
EndGlobal
